#MicroXplorer Configuration settings - do not modify
Mcu.Family=STM32H7
NVIC.USART3_IRQn=true\:0\:0\:false\:false\:true\:true\:true
FMC.IPParameters=BankMapConfig,ExtendedMode1,WriteOperation1,AddressSetupTime1,DataSetupTime1,BusTurnAroundDuration1,WriteFifo1
RCC.DIVQ2Freq_Value=608000000
ProjectManager.MainLocation=Core/Src
SH.FMC_D7_DA7.0=FMC_D7,8b-d1
SH.FMC_D0_DA0.ConfNb=1
RCC.SAI1Freq_Value=48000000
RCC.CortexFreq_Value=192000000
SH.FMC_A0.ConfNb=1
SH.FMC_D6_DA6.ConfNb=1
ProjectManager.KeepUserCode=true
SH.FMC_A0.0=FMC_A0,2b-a1
Mcu.UserName=STM32H723ZGTx
PD9.GPIOParameters=GPIO_Label
RCC.HPRE=RCC_HCLK_DIV2
PB14.GPIO_Label=LED_RED
ProjectManager.functionlistsort=1-MX_GPIO_Init-GPIO-false-HAL-true,2-SystemClock_Config-RCC-false-HAL-false,3-MX_ETH_Init-ETH-false-HAL-true,4-MX_USART3_UART_Init-USART3-false-HAL-true,5-MX_USB_OTG_HS_USB_Init-USB_OTG_HS-false-HAL-true,6-MX_FMC_Init-FMC-false-HAL-true,7-MX_DMA2D_Init-DMA2D-false-HAL-true,0-MX_CORTEX_M7_Init-CORTEX_M7-false-HAL-true
PA13(JTMS/SWDIO).Signal=DEBUG_JTMS-SWDIO
PD8.Locked=true
SH.FMC_D6_DA6.0=FMC_D6,8b-d1
PA11.Mode=OTG/Dual-Role-Device-FS
RCC.RTCFreq_Value=32000
PA14(JTCK/SWCLK).Locked=true
PB0.GPIO_Label=LED_GREEN
RCC.CpuClockFreq_Value=192000000
RCC.VCO2OutputFreq_Value=1216000000
PC13.GPIO_Label=B1 (Blue_User_Button)
SH.FMC_D5_DA5.0=FMC_D5,8b-d1
FMC.WriteOperation1=FMC_WRITE_OPERATION_ENABLE
PD9.Mode=Asynchronous
SH.FMC_NOE.ConfNb=1
PinOutPanel.RotationAngle=0
SH.FMC_NWE.0=FMC_NWE,Sram1
RCC.MCO1PinFreq_Value=64000000
RCC.SYSCLKSource=RCC_SYSCLKSOURCE_PLLCLK
ProjectManager.StackSize=0x400
RCC.AHB4Freq_Value=96000000
RCC.VCOInput3Freq_Value=2000000
PA13(JTMS/SWDIO).Mode=Trace_Asynchronous_SW
USART3.VirtualMode-Asynchronous=VM_ASYNC
RCC.LPTIM1Freq_Value=48000000
Mcu.IP4=NVIC
SH.GPXTI7.ConfNb=1
Mcu.IP5=RCC
Mcu.IP2=DMA2D
NVIC.SVCall_IRQn=true\:0\:0\:false\:false\:true\:false\:false
Mcu.IP3=FMC
Mcu.IP0=CORTEX_M7
Mcu.IP1=DEBUG
PA12.Signal=USB_OTG_HS_DP
Mcu.UserConstants=
RCC.DIVP3Freq_Value=129000000
RCC.SDMMCFreq_Value=48000000
Mcu.ThirdPartyNb=0
PA14(JTCK/SWCLK).GPIOParameters=GPIO_Label
FMC.BankMapConfig=FMC_SWAPBMAP_DISABLE
RCC.HCLKFreq_Value=96000000
RCC.I2C4Freq_Value=48000000
Mcu.IPNb=9
ProjectManager.PreviousToolchain=
PD4.Signal=FMC_NOE
SH.FMC_NWE.ConfNb=1
RCC.SPDIFRXFreq_Value=48000000
PC7.Signal=FMC_NE1
PA13(JTMS/SWDIO).Locked=true
PD8.GPIOParameters=GPIO_Label
RCC.DIVQ3Freq_Value=129000000
Mcu.Pin6=PE7
PD0.Signal=FMC_D2_DA2
Mcu.Pin7=PE8
PD8.Signal=USART3_TX
Mcu.Pin8=PE9
Mcu.Pin9=PE10
PA13(JTMS/SWDIO).GPIOParameters=GPIO_Label
PE1.Signal=GPIO_Output
PB3(JTDO/TRACESWO).GPIO_Label=SWO
RCC.PREFETCH_ENABLE=1
Mcu.Pin0=PC13
Mcu.Pin1=PC14-OSC32_IN
GPIO.groupedBy=Group By Peripherals
Mcu.Pin2=PC15-OSC32_OUT
Mcu.Pin3=PF0
Mcu.Pin4=PF1
PD10.GPIOParameters=GPIO_Label
Mcu.Pin5=PB0
ProjectManager.ProjectBuild=false
RCC.DIVR3Freq_Value=129000000
RCC.HSE_VALUE=8000000
NVIC.UsageFault_IRQn=true\:0\:0\:false\:false\:true\:false\:false
NVIC.DebugMonitor_IRQn=true\:0\:0\:false\:false\:true\:false\:false
RCC.DIVM2=1
NVIC.SysTick_IRQn=true\:0\:0\:false\:false\:true\:false\:true
RCC.DIVM1=4
SH.GPXTI7.0=GPIO_EXTI7
SH.FMC_D2_DA2.0=FMC_D2,8b-d1
ProjectManager.FirmwarePackage=STM32Cube FW_H7 V1.9.0
MxDb.Version=DB.6.0.21
PB0.GPIOParameters=GPIO_Label
RCC.DIVP1Freq_Value=192000000
FMC.BusTurnAroundDuration1=1
ProjectManager.BackupPrevious=false
FMC.DataSetupTime1=2
RCC.FMCFreq_Value=96000000
PC14-OSC32_IN.Mode=LSE-External-Oscillator
PA14(JTCK/SWCLK).GPIO_Label=SWCLK
PE9.Signal=FMC_D6_DA6
PB3(JTDO/TRACESWO).Signal=DEBUG_JTDO-SWO
RCC.USART16Freq_Value=48000000
File.Version=6
PA10.GPIO_Label=USB_FS_ID
SH.FMC_D5_DA5.ConfNb=1
SH.FMC_D2_DA2.ConfNb=1
SH.FMC_D1_DA1.0=FMC_D1,8b-d1
PE1.Locked=true
NVIC.PendSV_IRQn=true\:0\:0\:false\:false\:true\:false\:false
RCC.DIVR2Freq_Value=608000000
PE10.Signal=FMC_D7_DA7
ProjectManager.HalAssertFull=false
PB0.Locked=true
RCC.DIVP2Freq_Value=608000000
ProjectManager.ProjectName=stm_W6100_bus
RCC.APB3Freq_Value=48000000
RCC.MCO2PinFreq_Value=192000000
Mcu.Package=LQFP144
SH.FMC_D0_DA0.0=FMC_D0,8b-d1
PD11.Locked=true
RCC.D1PPRE=RCC_APB3_DIV2
SH.FMC_D4_DA4.ConfNb=1
PB3(JTDO/TRACESWO).Mode=Trace_Asynchronous_SW
ProjectManager.ToolChainLocation=
VP_SYS_VS_Systick.Signal=SYS_VS_Systick
USART3.IPParameters=VirtualMode-Asynchronous
PA10.Signal=USB_OTG_HS_ID
SH.FMC_D4_DA4.0=FMC_D4,8b-d1
RCC.DFSDMFreq_Value=48000000
RCC.DIVR1Freq_Value=96000000
PB14.GPIOParameters=GPIO_Label
SH.FMC_A1.0=FMC_A1,2b-a1
RCC.TraceFreq_Value=96000000
RCC.APB4Freq_Value=48000000
RCC.CECFreq_Value=32000
VP_DMA2D_VS_DMA2D.Mode=DMA2D_Activate
NVIC.BusFault_IRQn=true\:0\:0\:false\:false\:true\:false\:false
RCC.LPUART1Freq_Value=48000000
PA13(JTMS/SWDIO).GPIO_Label=SWDIO
PF0.Signal=FMC_A0
PE7.Signal=FMC_D4_DA4
PD15.Signal=FMC_D1_DA1
SH.FMC_D3_DA3.0=FMC_D3,8b-d1
ProjectManager.CustomerFirmwarePackage=
PC14-OSC32_IN.Locked=true
RCC.Tim2OutputFreq_Value=96000000
RCC.DFSDMACLkFreq_Value=48000000
RCC.VCO3OutputFreq_Value=258000000
SH.FMC_D3_DA3.ConfNb=1
PC15-OSC32_OUT.Mode=LSE-External-Oscillator
ProjectManager.ProjectFileName=stm_W6100_bus.ioc
SH.FMC_A1.ConfNb=1
RCC.DIVQ1=4
PG7.Locked=true
PG7.Signal=GPXTI7
FMC.ExtendedMode1=FMC_EXTENDED_MODE_DISABLE
PD9.GPIO_Label=STLK_VCP_TX
PA10.Mode=OTG/Dual-Role-Device-FS
Mcu.PinsNb=33
ProjectManager.NoMain=false
PC13.Locked=true
FMC.WriteFifo1=FMC_WRITE_FIFO_DISABLE
PC13.Signal=GPIO_Input
RCC.SWPMI1Freq_Value=48000000
PD3.Signal=GPIO_Output
RCC.SAI4BFreq_Value=48000000
PD1.Signal=FMC_D3_DA3
RCC.D2PPRE2=RCC_APB2_DIV2
RCC.D2PPRE1=RCC_APB1_DIV2
ProjectManager.DefaultFWLocation=true
PD9.Signal=USART3_RX
PD5.Signal=FMC_NWE
RCC.DIVP1=1
ProjectManager.DeletePrevious=true
PB14.Locked=true
PC14-OSC32_IN.Signal=RCC_OSC32_IN
SH.FMC_NOE.0=FMC_NOE,Sram1
RCC.QSPIFreq_Value=96000000
boardIOC=true
RCC.FamilyName=M
PD8.GPIO_Label=STLK_VCP_RX
RCC.SPI6Freq_Value=48000000
PD10.Signal=GPIO_Output
RCC.D1CPREFreq_Value=192000000
FMC.AddressSetupTime1=4
RCC.USART234578Freq_Value=48000000
RCC.SPI45Freq_Value=48000000
RCC.Tim1OutputFreq_Value=96000000
PC15-OSC32_OUT.Locked=true
RCC.SPI123Freq_Value=48000000
ProjectManager.TargetToolchain=STM32CubeIDE
RCC.VCO1OutputFreq_Value=192000000
SH.FMC_D1_DA1.ConfNb=1
RCC.AXIClockFreq_Value=96000000
RCC.DIVN2=19
RCC.DIVN1=12
ProjectManager.RegisterCallBack=
RCC.USBFreq_Value=48000000
PD10.GPIO_Label=USB_FS_PWR_EN
PD3.Locked=true
PD8.Mode=Asynchronous
PC15-OSC32_OUT.Signal=RCC_OSC32_OUT
RCC.CKPERFreq_Value=64000000
PB14.Signal=GPIO_Output
RCC.USBCLockSelection=RCC_USBCLKSOURCE_HSI48
board=NUCLEO-H723ZG
PE1.GPIO_Label=LED_YELLOW
ProjectManager.LastFirmware=true
RCC.VCOInput1Freq_Value=16000000
PB3(JTDO/TRACESWO).GPIOParameters=GPIO_Label
RCC.AHB12Freq_Value=96000000
RCC.APB2Freq_Value=48000000
VP_DMA2D_VS_DMA2D.Signal=DMA2D_VS_DMA2D
MxCube.Version=6.2.1
PE8.Signal=FMC_D5_DA5
PC13.GPIOParameters=GPIO_Label
RCC.FDCANFreq_Value=48000000
PG7.GPIO_Label=USB_FS_OVCR
RCC.RNGFreq_Value=48000000
Mcu.Pin30=PE1
RCC.ADCFreq_Value=608000000
PA10.GPIOParameters=GPIO_Label
PB3(JTDO/TRACESWO).Locked=true
VP_SYS_VS_Systick.Mode=SysTick
Mcu.Pin31=VP_DMA2D_VS_DMA2D
Mcu.Pin32=VP_SYS_VS_Systick
NVIC.NonMaskableInt_IRQn=true\:0\:0\:false\:false\:true\:false\:false
PF1.Signal=FMC_A1
PA14(JTCK/SWCLK).Mode=Trace_Asynchronous_SW
ProjectManager.FreePins=false
RCC.IPParameters=ADCFreq_Value,AHB12Freq_Value,AHB4Freq_Value,APB1Freq_Value,APB2Freq_Value,APB3Freq_Value,APB4Freq_Value,AXIClockFreq_Value,CECFreq_Value,CKPERFreq_Value,CortexFreq_Value,CpuClockFreq_Value,D1CPREFreq_Value,D1PPRE,D2PPRE1,D2PPRE2,D3PPRE,DFSDMACLkFreq_Value,DFSDMFreq_Value,DIVM1,DIVM2,DIVN1,DIVN2,DIVP1,DIVP1Freq_Value,DIVP2Freq_Value,DIVP3Freq_Value,DIVQ1,DIVQ1Freq_Value,DIVQ2Freq_Value,DIVQ3Freq_Value,DIVR1Freq_Value,DIVR2Freq_Value,DIVR3Freq_Value,FDCANFreq_Value,FMCFreq_Value,FamilyName,HCLK3ClockFreq_Value,HCLKFreq_Value,HPRE,HSE_VALUE,I2C123Freq_Value,I2C4Freq_Value,LPTIM1Freq_Value,LPTIM2Freq_Value,LPTIM345Freq_Value,LPUART1Freq_Value,LTDCFreq_Value,MCO1PinFreq_Value,MCO2PinFreq_Value,PREFETCH_ENABLE,QSPIFreq_Value,RNGFreq_Value,RTCFreq_Value,SAI1Freq_Value,SAI4AFreq_Value,SAI4BFreq_Value,SDMMCFreq_Value,SPDIFRXFreq_Value,SPI123Freq_Value,SPI45Freq_Value,SPI6Freq_Value,SWPMI1Freq_Value,SYSCLKFreq_VALUE,SYSCLKSource,Tim1OutputFreq_Value,Tim2OutputFreq_Value,TraceFreq_Value,USART16Freq_Value,USART234578Freq_Value,USBCLockSelection,USBFreq_Value,VCO1OutputFreq_Value,VCO2OutputFreq_Value,VCO3OutputFreq_Value,VCOInput1Freq_Value,VCOInput2Freq_Value,VCOInput3Freq_Value
ProjectManager.AskForMigrate=true
Mcu.Name=STM32H723ZGTx
RCC.LPTIM2Freq_Value=48000000
Mcu.Pin26=PD3
Mcu.Pin27=PD4
Mcu.Pin24=PD0
ProjectManager.UnderRoot=true
Mcu.Pin25=PD1
Mcu.IP8=USB_OTG_HS
PD14.Signal=FMC_D0_DA0
Mcu.Pin28=PD5
Mcu.IP6=SYS
Mcu.Pin29=PB3(JTDO/TRACESWO)
Mcu.IP7=USART3
ProjectManager.CoupleFile=false
SH.FMC_D7_DA7.ConfNb=1
RCC.SYSCLKFreq_VALUE=192000000
Mcu.Pin22=PA13(JTMS/SWDIO)
RCC.I2C123Freq_Value=48000000
Mcu.Pin23=PA14(JTCK/SWCLK)
Mcu.Pin20=PA11
Mcu.Pin21=PA12
PD10.Locked=true
PA12.Mode=OTG/Dual-Role-Device-FS
PA10.Locked=true
NVIC.ForceEnableDMAVector=true
KeepUserPlacement=false
PD11.Signal=GPIO_Output
NVIC.MemoryManagement_IRQn=true\:0\:0\:false\:false\:true\:false\:false
ProjectManager.CompilerOptimize=6
PA11.Signal=USB_OTG_HS_DM
ProjectManager.HeapSize=0x200
Mcu.Pin15=PD14
NVIC.HardFault_IRQn=true\:0\:0\:false\:false\:true\:false\:false
Mcu.Pin16=PD15
Mcu.Pin13=PD10
Mcu.Pin14=PD11
Mcu.Pin19=PA10
RCC.LPTIM345Freq_Value=48000000
ProjectManager.ComputerToolchain=false
Mcu.Pin17=PG7
Mcu.Pin18=PC7
RCC.LTDCFreq_Value=129000000
RCC.SAI4AFreq_Value=48000000
NVIC.PriorityGroup=NVIC_PRIORITYGROUP_4
Mcu.Pin11=PD8
Mcu.Pin12=PD9
Mcu.Pin10=PB14
RCC.DIVQ1Freq_Value=48000000
RCC.D3PPRE=RCC_APB4_DIV2
PA14(JTCK/SWCLK).Signal=DEBUG_JTCK-SWCLK
PC7.Mode=NorPsramChipSelect1_1
RCC.HCLK3ClockFreq_Value=96000000
RCC.VCOInput2Freq_Value=64000000
PD9.Locked=true
RCC.APB1Freq_Value=48000000
PB0.Signal=GPIO_Output
ProjectManager.DeviceId=STM32H723ZGTx
PG7.GPIOParameters=GPIO_Label
ProjectManager.LibraryCopy=1
PE1.GPIOParameters=GPIO_Label
isbadioc=false
