#MicroXplorer Configuration settings - do not modify
Mcu.Family=STM32F1
PD7.Mode=NorPsramChipSelect1_1
ProjectManager.MainLocation=Core/Src
FSMC.AddressSetupTime1=3
ProjectManager.ProjectFileName=W6100_Bus_Evb.ioc
ProjectManager.KeepUserCode=true
Mcu.UserName=STM32F103VCTx
PA10.Mode=Asynchronous
Mcu.PinsNb=15
FSMC.WriteOperation1=FSMC_WRITE_OPERATION_ENABLE
ProjectManager.NoMain=false
RCC.PLLCLKFreq_Value=8000000
ProjectManager.functionlistsort=1-SystemClock_Config-RCC-false-HAL-false
PE10.Mode=8b-da1
PD7.Signal=FSMC_NE1
PD1.Signal=FSMC_DA3
ProjectManager.DefaultFWLocation=true
PD5.Signal=FSMC_NWE
ProjectManager.DeletePrevious=true
USART1.IPParameters=VirtualMode
VP_SYS_VS_ND.Mode=No_Debug
PinOutPanel.RotationAngle=0
RCC.FamilyName=M
FSMC.AddressHoldTime1=1
ProjectManager.StackSize=0x400
PE8.Mode=8b-da1
Mcu.IP4=USART1
Mcu.IP2=RCC
NVIC.SVCall_IRQn=true\:0\:0\:false\:false\:true\:false\:false
Mcu.IP3=SYS
Mcu.IP0=FSMC
PA9.Mode=Asynchronous
Mcu.IP1=NVIC
Mcu.UserConstants=
ProjectManager.TargetToolchain=STM32CubeIDE
FSMC.DataSetupTime1=8
Mcu.ThirdPartyNb=0
Mcu.IPNb=5
ProjectManager.PreviousToolchain=
PD4.Signal=FSMC_NOE
PA9.Signal=USART1_TX
Mcu.Pin6=PA9
PD0.Signal=FSMC_DA2
Mcu.Pin7=PA10
ProjectManager.RegisterCallBack=
Mcu.Pin8=PD0
Mcu.Pin9=PD1
Mcu.Pin0=PE7
Mcu.Pin1=PE8
PD5.Mode=MuxedNorFlash1
Mcu.Pin2=PE9
Mcu.Pin3=PE10
Mcu.Pin4=PD14
Mcu.Pin5=PD15
ProjectManager.ProjectBuild=false
NVIC.UsageFault_IRQn=true\:0\:0\:false\:false\:true\:false\:false
NVIC.DebugMonitor_IRQn=true\:0\:0\:false\:false\:true\:false\:false
board=custom
NVIC.SysTick_IRQn=true\:0\:0\:false\:false\:true\:false\:true
ProjectManager.LastFirmware=true
PD1.Mode=8b-da1
ProjectManager.FirmwarePackage=STM32Cube FW_F1 V1.8.3
MxDb.Version=DB.6.0.21
RCC.APB2Freq_Value=8000000
ProjectManager.BackupPrevious=false
MxCube.Version=6.2.1
PE9.Signal=FSMC_DA6
PE8.Signal=FSMC_DA5
PD14.Mode=8b-da1
File.Version=6
VP_SYS_VS_Systick.Mode=SysTick
VP_SYS_VS_ND.Signal=SYS_VS_ND
NVIC.NonMaskableInt_IRQn=true\:0\:0\:false\:false\:true\:false\:false
FSMC.BusTurnAroundDuration1=0
NVIC.PendSV_IRQn=true\:0\:0\:false\:false\:true\:false\:false
ProjectManager.FreePins=false
RCC.IPParameters=APB1Freq_Value,APB2Freq_Value,FamilyName,PLLCLKFreq_Value,PLLMCOFreq_Value,TimSysFreq_Value
PE10.Signal=FSMC_DA7
ProjectManager.AskForMigrate=true
Mcu.Name=STM32F103V(C-D-E)Tx
PD0.Mode=8b-da1
ProjectManager.HalAssertFull=false
ProjectManager.ProjectName=W6100_Bus_Evb
ProjectManager.UnderRoot=true
PD14.Signal=FSMC_DA0
RCC.PLLMCOFreq_Value=4000000
ProjectManager.CoupleFile=false
PD15.Mode=8b-da1
Mcu.Package=LQFP100
PE7.Mode=8b-da1
RCC.TimSysFreq_Value=8000000
FSMC.IPParameters=AddressSetupTime1,AddressHoldTime1,DataSetupTime1,BusTurnAroundDuration1,WriteOperation1
NVIC.ForceEnableDMAVector=true
KeepUserPlacement=false
NVIC.MemoryManagement_IRQn=true\:0\:0\:false\:false\:true\:false\:false
USART1.VirtualMode=VM_ASYNC
ProjectManager.CompilerOptimize=6
ProjectManager.ToolChainLocation=
VP_SYS_VS_Systick.Signal=SYS_VS_Systick
PA10.Signal=USART1_RX
ProjectManager.HeapSize=0x200
PE9.Mode=8b-da1
NVIC.HardFault_IRQn=true\:0\:0\:false\:false\:true\:false\:false
Mcu.Pin13=VP_SYS_VS_ND
Mcu.Pin14=VP_SYS_VS_Systick
ProjectManager.ComputerToolchain=false
NVIC.PriorityGroup=NVIC_PRIORITYGROUP_4
Mcu.Pin11=PD5
Mcu.Pin12=PD7
Mcu.Pin10=PD4
PD4.Mode=MuxedNorFlash1
NVIC.BusFault_IRQn=true\:0\:0\:false\:false\:true\:false\:false
PE7.Signal=FSMC_DA4
RCC.APB1Freq_Value=8000000
PD15.Signal=FSMC_DA1
ProjectManager.CustomerFirmwarePackage=
ProjectManager.DeviceId=STM32F103VCTx
ProjectManager.LibraryCopy=1
isbadioc=false
